// !$*UTF8*$!
{
	archiveVersion = 1;
	classes = {
	};
	objectVersion = 56;
	objects = {

/* Begin PBXBuildFile section */
		C3255D2429142D2A00381AB5 /* MoviesListApp.swift in Sources */ = {isa = PBXBuildFile; fileRef = C3255D2329142D2A00381AB5 /* MoviesListApp.swift */; };
		C3255D2629142D2A00381AB5 /* ContentView.swift in Sources */ = {isa = PBXBuildFile; fileRef = C3255D2529142D2A00381AB5 /* ContentView.swift */; };
		C3255D2829142D2C00381AB5 /* Assets.xcassets in Resources */ = {isa = PBXBuildFile; fileRef = C3255D2729142D2C00381AB5 /* Assets.xcassets */; };
		C3255D2B29142D2C00381AB5 /* Preview Assets.xcassets in Resources */ = {isa = PBXBuildFile; fileRef = C3255D2A29142D2C00381AB5 /* Preview Assets.xcassets */; };
		C3255D3729142E1B00381AB5 /* APIService.swift in Sources */ = {isa = PBXBuildFile; fileRef = C3255D3629142E1B00381AB5 /* APIService.swift */; };
		C3255D3929142E8300381AB5 /* WebService.swift in Sources */ = {isa = PBXBuildFile; fileRef = C3255D3829142E8300381AB5 /* WebService.swift */; };
		C3255D3D29142EF300381AB5 /* DetailViewModel.swift in Sources */ = {isa = PBXBuildFile; fileRef = C3255D3C29142EF300381AB5 /* DetailViewModel.swift */; };
		C3255D3F29142F2F00381AB5 /* EmptyView.swift in Sources */ = {isa = PBXBuildFile; fileRef = C3255D3E29142F2F00381AB5 /* EmptyView.swift */; };
		C3255D4129142F4000381AB5 /* DetailView.swift in Sources */ = {isa = PBXBuildFile; fileRef = C3255D4029142F4000381AB5 /* DetailView.swift */; };
		C3255D4A2914414A00381AB5 /* DetailModel.swift in Sources */ = {isa = PBXBuildFile; fileRef = C3255D492914414A00381AB5 /* DetailModel.swift */; };
		C3E3D3E7291659B500C65664 /* SDWebImageSwiftUI in Frameworks */ = {isa = PBXBuildFile; productRef = C3E3D3E6291659B500C65664 /* SDWebImageSwiftUI */; };
		C3EE02302914FE9C00BC78C1 /* Movie.swift in Sources */ = {isa = PBXBuildFile; fileRef = C3EE022F2914FE9C00BC78C1 /* Movie.swift */; };
		C3EE02342915009100BC78C1 /* MovieListViewModel.swift in Sources */ = {isa = PBXBuildFile; fileRef = C3EE02332915009100BC78C1 /* MovieListViewModel.swift */; };
/* End PBXBuildFile section */

/* Begin PBXFileReference section */
		C3255D2029142D2A00381AB5 /* MoviesList.app */ = {isa = PBXFileReference; explicitFileType = wrapper.application; includeInIndex = 0; path = MoviesList.app; sourceTree = BUILT_PRODUCTS_DIR; };
		C3255D2329142D2A00381AB5 /* MoviesListApp.swift */ = {isa = PBXFileReference; lastKnownFileType = sourcecode.swift; path = MoviesListApp.swift; sourceTree = "<group>"; };
		C3255D2529142D2A00381AB5 /* ContentView.swift */ = {isa = PBXFileReference; lastKnownFileType = sourcecode.swift; path = ContentView.swift; sourceTree = "<group>"; };
		C3255D2729142D2C00381AB5 /* Assets.xcassets */ = {isa = PBXFileReference; lastKnownFileType = folder.assetcatalog; path = Assets.xcassets; sourceTree = "<group>"; };
		C3255D2A29142D2C00381AB5 /* Preview Assets.xcassets */ = {isa = PBXFileReference; lastKnownFileType = folder.assetcatalog; path = "Preview Assets.xcassets"; sourceTree = "<group>"; };
		C3255D3629142E1B00381AB5 /* APIService.swift */ = {isa = PBXFileReference; lastKnownFileType = sourcecode.swift; path = APIService.swift; sourceTree = "<group>"; };
		C3255D3829142E8300381AB5 /* WebService.swift */ = {isa = PBXFileReference; lastKnownFileType = sourcecode.swift; path = WebService.swift; sourceTree = "<group>"; };
		C3255D3C29142EF300381AB5 /* DetailViewModel.swift */ = {isa = PBXFileReference; lastKnownFileType = sourcecode.swift; path = DetailViewModel.swift; sourceTree = "<group>"; };
		C3255D3E29142F2F00381AB5 /* EmptyView.swift */ = {isa = PBXFileReference; lastKnownFileType = sourcecode.swift; path = EmptyView.swift; sourceTree = "<group>"; };
		C3255D4029142F4000381AB5 /* DetailView.swift */ = {isa = PBXFileReference; lastKnownFileType = sourcecode.swift; path = DetailView.swift; sourceTree = "<group>"; };
		C3255D492914414A00381AB5 /* DetailModel.swift */ = {isa = PBXFileReference; lastKnownFileType = sourcecode.swift; path = DetailModel.swift; sourceTree = "<group>"; };
		C3EE022F2914FE9C00BC78C1 /* Movie.swift */ = {isa = PBXFileReference; lastKnownFileType = sourcecode.swift; path = Movie.swift; sourceTree = "<group>"; };
		C3EE02332915009100BC78C1 /* MovieListViewModel.swift */ = {isa = PBXFileReference; lastKnownFileType = sourcecode.swift; path = MovieListViewModel.swift; sourceTree = "<group>"; };
		C3EE02352915088400BC78C1 /* Info.plist */ = {isa = PBXFileReference; lastKnownFileType = text.plist; path = Info.plist; sourceTree = "<group>"; };
/* End PBXFileReference section */

/* Begin PBXFrameworksBuildPhase section */
		C3255D1D29142D2A00381AB5 /* Frameworks */ = {
			isa = PBXFrameworksBuildPhase;
			buildActionMask = 2147483647;
			files = (
				C3E3D3E7291659B500C65664 /* SDWebImageSwiftUI in Frameworks */,
			);
			runOnlyForDeploymentPostprocessing = 0;
		};
/* End PBXFrameworksBuildPhase section */

/* Begin PBXGroup section */
		C3255D1729142D2A00381AB5 = {
			isa = PBXGroup;
			children = (
				C3255D2229142D2A00381AB5 /* MoviesList */,
				C3255D2129142D2A00381AB5 /* Products */,
			);
			sourceTree = "<group>";
		};
		C3255D2129142D2A00381AB5 /* Products */ = {
			isa = PBXGroup;
			children = (
				C3255D2029142D2A00381AB5 /* MoviesList.app */,
			);
			name = Products;
			sourceTree = "<group>";
		};
		C3255D2229142D2A00381AB5 /* MoviesList */ = {
			isa = PBXGroup;
			children = (
				C3EE02352915088400BC78C1 /* Info.plist */,
				C3255D3529142E0600381AB5 /* APIConstants */,
				C3255D3429142D4900381AB5 /* Service */,
				C3255D3329142D4000381AB5 /* ViewModel */,
				C3255D3229142D3B00381AB5 /* View */,
				C3255D3129142D3500381AB5 /* Model */,
				C3255D2329142D2A00381AB5 /* MoviesListApp.swift */,
				C3255D2729142D2C00381AB5 /* Assets.xcassets */,
				C3255D2929142D2C00381AB5 /* Preview Content */,
			);
			path = MoviesList;
			sourceTree = "<group>";
		};
		C3255D2929142D2C00381AB5 /* Preview Content */ = {
			isa = PBXGroup;
			children = (
				C3255D2A29142D2C00381AB5 /* Preview Assets.xcassets */,
			);
			path = "Preview Content";
			sourceTree = "<group>";
		};
		C3255D3129142D3500381AB5 /* Model */ = {
			isa = PBXGroup;
			children = (
				C3255D492914414A00381AB5 /* DetailModel.swift */,
				C3EE022F2914FE9C00BC78C1 /* Movie.swift */,
			);
			path = Model;
			sourceTree = "<group>";
		};
		C3255D3229142D3B00381AB5 /* View */ = {
			isa = PBXGroup;
			children = (
				C3255D2529142D2A00381AB5 /* ContentView.swift */,
				C3255D3E29142F2F00381AB5 /* EmptyView.swift */,
				C3255D4029142F4000381AB5 /* DetailView.swift */,
			);
			path = View;
			sourceTree = "<group>";
		};
		C3255D3329142D4000381AB5 /* ViewModel */ = {
			isa = PBXGroup;
			children = (
				C3255D3C29142EF300381AB5 /* DetailViewModel.swift */,
				C3EE02332915009100BC78C1 /* MovieListViewModel.swift */,
			);
			path = ViewModel;
			sourceTree = "<group>";
		};
		C3255D3429142D4900381AB5 /* Service */ = {
			isa = PBXGroup;
			children = (
				C3255D3829142E8300381AB5 /* WebService.swift */,
			);
			path = Service;
			sourceTree = "<group>";
		};
		C3255D3529142E0600381AB5 /* APIConstants */ = {
			isa = PBXGroup;
			children = (
				C3255D3629142E1B00381AB5 /* APIService.swift */,
			);
			path = APIConstants;
			sourceTree = "<group>";
		};
/* End PBXGroup section */

/* Begin PBXNativeTarget section */
		C3255D1F29142D2A00381AB5 /* MoviesList */ = {
			isa = PBXNativeTarget;
			buildConfigurationList = C3255D2E29142D2C00381AB5 /* Build configuration list for PBXNativeTarget "MoviesList" */;
			buildPhases = (
				C3255D1C29142D2A00381AB5 /* Sources */,
				C3255D1D29142D2A00381AB5 /* Frameworks */,
				C3255D1E29142D2A00381AB5 /* Resources */,
			);
			buildRules = (
			);
			dependencies = (
			);
			name = MoviesList;
			packageProductDependencies = (
				C3E3D3E6291659B500C65664 /* SDWebImageSwiftUI */,
			);
			productName = MoviesList;
			productReference = C3255D2029142D2A00381AB5 /* MoviesList.app */;
			productType = "com.apple.product-type.application";
		};
/* End PBXNativeTarget section */

/* Begin PBXProject section */
		C3255D1829142D2A00381AB5 /* Project object */ = {
			isa = PBXProject;
			attributes = {
				BuildIndependentTargetsInParallel = 1;
				LastSwiftUpdateCheck = 1400;
				LastUpgradeCheck = 1400;
				TargetAttributes = {
					C3255D1F29142D2A00381AB5 = {
						CreatedOnToolsVersion = 14.0.1;
					};
				};
			};
			buildConfigurationList = C3255D1B29142D2A00381AB5 /* Build configuration list for PBXProject "MoviesList" */;
			compatibilityVersion = "Xcode 14.0";
			developmentRegion = en;
			hasScannedForEncodings = 0;
			knownRegions = (
				en,
				Base,
			);
			mainGroup = C3255D1729142D2A00381AB5;
			packageReferences = (
				C3E3D3E5291659B500C65664 /* XCRemoteSwiftPackageReference "SDWebImageSwiftUI" */,
			);
			productRefGroup = C3255D2129142D2A00381AB5 /* Products */;
			projectDirPath = "";
			projectRoot = "";
			targets = (
				C3255D1F29142D2A00381AB5 /* MoviesList */,
			);
		};
/* End PBXProject section */

/* Begin PBXResourcesBuildPhase section */
		C3255D1E29142D2A00381AB5 /* Resources */ = {
			isa = PBXResourcesBuildPhase;
			buildActionMask = 2147483647;
			files = (
				C3255D2B29142D2C00381AB5 /* Preview Assets.xcassets in Resources */,
				C3255D2829142D2C00381AB5 /* Assets.xcassets in Resources */,
			);
			runOnlyForDeploymentPostprocessing = 0;
		};
/* End PBXResourcesBuildPhase section */

/* Begin PBXSourcesBuildPhase section */
		C3255D1C29142D2A00381AB5 /* Sources */ = {
			isa = PBXSourcesBuildPhase;
			buildActionMask = 2147483647;
			files = (
				C3255D2629142D2A00381AB5 /* ContentView.swift in Sources */,
				C3255D4129142F4000381AB5 /* DetailView.swift in Sources */,
				C3EE02302914FE9C00BC78C1 /* Movie.swift in Sources */,
				C3255D3D29142EF300381AB5 /* DetailViewModel.swift in Sources */,
				C3255D3729142E1B00381AB5 /* APIService.swift in Sources */,
				C3255D3929142E8300381AB5 /* WebService.swift in Sources */,
				C3255D3F29142F2F00381AB5 /* EmptyView.swift in Sources */,
				C3255D2429142D2A00381AB5 /* MoviesListApp.swift in Sources */,
				C3255D4A2914414A00381AB5 /* DetailModel.swift in Sources */,
				C3EE02342915009100BC78C1 /* MovieListViewModel.swift in Sources */,
			);
			runOnlyForDeploymentPostprocessing = 0;
		};
/* End PBXSourcesBuildPhase section */

/* Begin XCBuildConfiguration section */
		C3255D2C29142D2C00381AB5 /* Debug */ = {
			isa = XCBuildConfiguration;
			buildSettings = {
				ALWAYS_SEARCH_USER_PATHS = NO;
				CLANG_ANALYZER_NONNULL = YES;
				CLANG_ANALYZER_NUMBER_OBJECT_CONVERSION = YES_AGGRESSIVE;
				CLANG_CXX_LANGUAGE_STANDARD = "gnu++20";
				CLANG_ENABLE_MODULES = YES;
				CLANG_ENABLE_OBJC_ARC = YES;
				CLANG_ENABLE_OBJC_WEAK = YES;
				CLANG_WARN_BLOCK_CAPTURE_AUTORELEASING = YES;
				CLANG_WARN_BOOL_CONVERSION = YES;
				CLANG_WARN_COMMA = YES;
				CLANG_WARN_CONSTANT_CONVERSION = YES;
				CLANG_WARN_DEPRECATED_OBJC_IMPLEMENTATIONS = YES;
				CLANG_WARN_DIRECT_OBJC_ISA_USAGE = YES_ERROR;
				CLANG_WARN_DOCUMENTATION_COMMENTS = YES;
				CLANG_WARN_EMPTY_BODY = YES;
				CLANG_WARN_ENUM_CONVERSION = YES;
				CLANG_WARN_INFINITE_RECURSION = YES;
				CLANG_WARN_INT_CONVERSION = YES;
				CLANG_WARN_NON_LITERAL_NULL_CONVERSION = YES;
				CLANG_WARN_OBJC_IMPLICIT_RETAIN_SELF = YES;
				CLANG_WARN_OBJC_LITERAL_CONVERSION = YES;
				CLANG_WARN_OBJC_ROOT_CLASS = YES_ERROR;
				CLANG_WARN_QUOTED_INCLUDE_IN_FRAMEWORK_HEADER = YES;
				CLANG_WARN_RANGE_LOOP_ANALYSIS = YES;
				CLANG_WARN_STRICT_PROTOTYPES = YES;
				CLANG_WARN_SUSPICIOUS_MOVE = YES;
				CLANG_WARN_UNGUARDED_AVAILABILITY = YES_AGGRESSIVE;
				CLANG_WARN_UNREACHABLE_CODE = YES;
				CLANG_WARN__DUPLICATE_METHOD_MATCH = YES;
				COPY_PHASE_STRIP = NO;
				DEBUG_INFORMATION_FORMAT = dwarf;
				ENABLE_STRICT_OBJC_MSGSEND = YES;
				ENABLE_TESTABILITY = YES;
				GCC_C_LANGUAGE_STANDARD = gnu11;
				GCC_DYNAMIC_NO_PIC = NO;
				GCC_NO_COMMON_BLOCKS = YES;
				GCC_OPTIMIZATION_LEVEL = 0;
				GCC_PREPROCESSOR_DEFINITIONS = (
					"DEBUG=1",
					"$(inherited)",
				);
				GCC_WARN_64_TO_32_BIT_CONVERSION = YES;
				GCC_WARN_ABOUT_RETURN_TYPE = YES_ERROR;
				GCC_WARN_UNDECLARED_SELECTOR = YES;
				GCC_WARN_UNINITIALIZED_AUTOS = YES_AGGRESSIVE;
				GCC_WARN_UNUSED_FUNCTION = YES;
				GCC_WARN_UNUSED_VARIABLE = YES;
				IPHONEOS_DEPLOYMENT_TARGET = 16.0;
				MTL_ENABLE_DEBUG_INFO = INCLUDE_SOURCE;
				MTL_FAST_MATH = YES;
				ONLY_ACTIVE_ARCH = YES;
				SDKROOT = iphoneos;
				SWIFT_ACTIVE_COMPILATION_CONDITIONS = DEBUG;
				SWIFT_OPTIMIZATION_LEVEL = "-Onone";
			};
			name = Debug;
		};
		C3255D2D29142D2C00381AB5 /* Release */ = {
			isa = XCBuildConfiguration;
			buildSettings = {
				ALWAYS_SEARCH_USER_PATHS = NO;
				CLANG_ANALYZER_NONNULL = YES;
				CLANG_ANALYZER_NUMBER_OBJECT_CONVERSION = YES_AGGRESSIVE;
				CLANG_CXX_LANGUAGE_STANDARD = "gnu++20";
				CLANG_ENABLE_MODULES = YES;
				CLANG_ENABLE_OBJC_ARC = YES;
				CLANG_ENABLE_OBJC_WEAK = YES;
				CLANG_WARN_BLOCK_CAPTURE_AUTORELEASING = YES;
				CLANG_WARN_BOOL_CONVERSION = YES;
				CLANG_WARN_COMMA = YES;
				CLANG_WARN_CONSTANT_CONVERSION = YES;
				CLANG_WARN_DEPRECATED_OBJC_IMPLEMENTATIONS = YES;
				CLANG_WARN_DIRECT_OBJC_ISA_USAGE = YES_ERROR;
				CLANG_WARN_DOCUMENTATION_COMMENTS = YES;
				CLANG_WARN_EMPTY_BODY = YES;
				CLANG_WARN_ENUM_CONVERSION = YES;
				CLANG_WARN_INFINITE_RECURSION = YES;
				CLANG_WARN_INT_CONVERSION = YES;
				CLANG_WARN_NON_LITERAL_NULL_CONVERSION = YES;
				CLANG_WARN_OBJC_IMPLICIT_RETAIN_SELF = YES;
				CLANG_WARN_OBJC_LITERAL_CONVERSION = YES;
				CLANG_WARN_OBJC_ROOT_CLASS = YES_ERROR;
				CLANG_WARN_QUOTED_INCLUDE_IN_FRAMEWORK_HEADER = YES;
				CLANG_WARN_RANGE_LOOP_ANALYSIS = YES;
				CLANG_WARN_STRICT_PROTOTYPES = YES;
				CLANG_WARN_SUSPICIOUS_MOVE = YES;
				CLANG_WARN_UNGUARDED_AVAILABILITY = YES_AGGRESSIVE;
				CLANG_WARN_UNREACHABLE_CODE = YES;
				CLANG_WARN__DUPLICATE_METHOD_MATCH = YES;
				COPY_PHASE_STRIP = NO;
				DEBUG_INFORMATION_FORMAT = "dwarf-with-dsym";
				ENABLE_NS_ASSERTIONS = NO;
				ENABLE_STRICT_OBJC_MSGSEND = YES;
				GCC_C_LANGUAGE_STANDARD = gnu11;
				GCC_NO_COMMON_BLOCKS = YES;
				GCC_WARN_64_TO_32_BIT_CONVERSION = YES;
				GCC_WARN_ABOUT_RETURN_TYPE = YES_ERROR;
				GCC_WARN_UNDECLARED_SELECTOR = YES;
				GCC_WARN_UNINITIALIZED_AUTOS = YES_AGGRESSIVE;
				GCC_WARN_UNUSED_FUNCTION = YES;
				GCC_WARN_UNUSED_VARIABLE = YES;
				IPHONEOS_DEPLOYMENT_TARGET = 16.0;
				MTL_ENABLE_DEBUG_INFO = NO;
				MTL_FAST_MATH = YES;
				SDKROOT = iphoneos;
				SWIFT_COMPILATION_MODE = wholemodule;
				SWIFT_OPTIMIZATION_LEVEL = "-O";
				VALIDATE_PRODUCT = YES;
			};
			name = Release;
		};
		C3255D2F29142D2C00381AB5 /* Debug */ = {
			isa = XCBuildConfiguration;
			buildSettings = {
				ASSETCATALOG_COMPILER_APPICON_NAME = AppIcon;
				ASSETCATALOG_COMPILER_GLOBAL_ACCENT_COLOR_NAME = AccentColor;
				CODE_SIGN_STYLE = Automatic;
				CURRENT_PROJECT_VERSION = 1;
				DEVELOPMENT_ASSET_PATHS = "\"MoviesList/Preview Content\"";
				DEVELOPMENT_TEAM = GH2QZAPBMB;
				ENABLE_PREVIEWS = YES;
				GENERATE_INFOPLIST_FILE = YES;
				INFOPLIST_FILE = MoviesList/Info.plist;
				INFOPLIST_KEY_UIApplicationSceneManifest_Generation = YES;
				INFOPLIST_KEY_UIApplicationSupportsIndirectInputEvents = YES;
				INFOPLIST_KEY_UILaunchScreen_Generation = YES;
				INFOPLIST_KEY_UISupportedInterfaceOrientations_iPad = "UIInterfaceOrientationPortrait UIInterfaceOrientationPortraitUpsideDown UIInterfaceOrientationLandscapeLeft UIInterfaceOrientationLandscapeRight";
				INFOPLIST_KEY_UISupportedInterfaceOrientations_iPhone = "UIInterfaceOrientationPortrait UIInterfaceOrientationLandscapeLeft UIInterfaceOrientationLandscapeRight";
				LD_RUNPATH_SEARCH_PATHS = (
					"$(inherited)",
					"@executable_path/Frameworks",
				);
				MARKETING_VERSION = 1.0;
				PRODUCT_BUNDLE_IDENTIFIER = com.ozlemcali.MoviesList;
				PRODUCT_NAME = "$(TARGET_NAME)";
				SWIFT_EMIT_LOC_STRINGS = YES;
				SWIFT_VERSION = 5.0;
				TARGETED_DEVICE_FAMILY = "1,2";
			};
			name = Debug;
		};
		C3255D3029142D2C00381AB5 /* Release */ = {
			isa = XCBuildConfiguration;
			buildSettings = {
				ASSETCATALOG_COMPILER_APPICON_NAME = AppIcon;
				ASSETCATALOG_COMPILER_GLOBAL_ACCENT_COLOR_NAME = AccentColor;
				CODE_SIGN_STYLE = Automatic;
				CURRENT_PROJECT_VERSION = 1;
				DEVELOPMENT_ASSET_PATHS = "\"MoviesList/Preview Content\"";
				DEVELOPMENT_TEAM = GH2QZAPBMB;
				ENABLE_PREVIEWS = YES;
				GENERATE_INFOPLIST_FILE = YES;
				INFOPLIST_FILE = MoviesList/Info.plist;
				INFOPLIST_KEY_UIApplicationSceneManifest_Generation = YES;
				INFOPLIST_KEY_UIApplicationSupportsIndirectInputEvents = YES;
				INFOPLIST_KEY_UILaunchScreen_Generation = YES;
				INFOPLIST_KEY_UISupportedInterfaceOrientations_iPad = "UIInterfaceOrientationPortrait UIInterfaceOrientationPortraitUpsideDown UIInterfaceOrientationLandscapeLeft UIInterfaceOrientationLandscapeRight";
				INFOPLIST_KEY_UISupportedInterfaceOrientations_iPhone = "UIInterfaceOrientationPortrait UIInterfaceOrientationLandscapeLeft UIInterfaceOrientationLandscapeRight";
				LD_RUNPATH_SEARCH_PATHS = (
					"$(inherited)",
					"@executable_path/Frameworks",
				);
				MARKETING_VERSION = 1.0;
				PRODUCT_BUNDLE_IDENTIFIER = com.ozlemcali.MoviesList;
				PRODUCT_NAME = "$(TARGET_NAME)";
				SWIFT_EMIT_LOC_STRINGS = YES;
				SWIFT_VERSION = 5.0;
				TARGETED_DEVICE_FAMILY = "1,2";
			};
			name = Release;
		};
/* End XCBuildConfiguration section */

/* Begin XCConfigurationList section */
		C3255D1B29142D2A00381AB5 /* Build configuration list for PBXProject "MoviesList" */ = {
			isa = XCConfigurationList;
			buildConfigurations = (
				C3255D2C29142D2C00381AB5 /* Debug */,
				C3255D2D29142D2C00381AB5 /* Release */,
			);
			defaultConfigurationIsVisible = 0;
			defaultConfigurationName = Release;
		};
		C3255D2E29142D2C00381AB5 /* Build configuration list for PBXNativeTarget "MoviesList" */ = {
			isa = XCConfigurationList;
			buildConfigurations = (
				C3255D2F29142D2C00381AB5 /* Debug */,
				C3255D3029142D2C00381AB5 /* Release */,
			);
			defaultConfigurationIsVisible = 0;
			defaultConfigurationName = Release;
		};
/* End XCConfigurationList section */

/* Begin XCRemoteSwiftPackageReference section */
		C3E3D3E5291659B500C65664 /* XCRemoteSwiftPackageReference "SDWebImageSwiftUI" */ = {
			isa = XCRemoteSwiftPackageReference;
			repositoryURL = "https://github.com/SDWebImage/SDWebImageSwiftUI.git";
			requirement = {
				branch = master;
				kind = branch;
			};
		};
/* End XCRemoteSwiftPackageReference section */

/* Begin XCSwiftPackageProductDependency section */
		C3E3D3E6291659B500C65664 /* SDWebImageSwiftUI */ = {
			isa = XCSwiftPackageProductDependency;
			package = C3E3D3E5291659B500C65664 /* XCRemoteSwiftPackageReference "SDWebImageSwiftUI" */;
			productName = SDWebImageSwiftUI;
		};
/* End XCSwiftPackageProductDependency section */
	};
	rootObject = C3255D1829142D2A00381AB5 /* Project object */;
}
